
Microsoft Visual Studio Solution File, Format Version 12.00
# Visual Studio Version 17
Project("{8BC9CEB8-8B4A-11D0-8D11-00A0C91BC942}") = "ALL_BUILD", "ALL_BUILD.vcxproj", "{7953CFD6-445E-3F15-A0C7-44B0C0DE7D60}"
	ProjectSection(ProjectDependencies) = postProject
		{F93988C8-5854-3E6D-B6E1-8858238E46BE} = {F93988C8-5854-3E6D-B6E1-8858238E46BE}
		{505351E1-60DC-3526-808A-C7BDEE1E1104} = {505351E1-60DC-3526-808A-C7BDEE1E1104}
		{86EC66D8-0AE5-324D-BC66-93EDF071D592} = {86EC66D8-0AE5-324D-BC66-93EDF071D592}
	EndProjectSection
EndProject
Project("{8BC9CEB8-8B4A-11D0-8D11-00A0C91BC942}") = "ZERO_CHECK", "ZERO_CHECK.vcxproj", "{F93988C8-5854-3E6D-B6E1-8858238E46BE}"
	ProjectSection(ProjectDependencies) = postProject
	EndProjectSection
EndProject
Project("{8BC9CEB8-8B4A-11D0-8D11-00A0C91BC942}") = "llamacpp_core", "llamacpp_core.vcxproj", "{505351E1-60DC-3526-808A-C7BDEE1E1104}"
	ProjectSection(ProjectDependencies) = postProject
		{F93988C8-5854-3E6D-B6E1-8858238E46BE} = {F93988C8-5854-3E6D-B6E1-8858238E46BE}
	EndProjectSection
EndProject
Project("{8BC9CEB8-8B4A-11D0-8D11-00A0C91BC942}") = "llamacpp_jni", "llamacpp_jni.vcxproj", "{86EC66D8-0AE5-324D-BC66-93EDF071D592}"
	ProjectSection(ProjectDependencies) = postProject
		{F93988C8-5854-3E6D-B6E1-8858238E46BE} = {F93988C8-5854-3E6D-B6E1-8858238E46BE}
		{505351E1-60DC-3526-808A-C7BDEE1E1104} = {505351E1-60DC-3526-808A-C7BDEE1E1104}
	EndProjectSection
EndProject
Global
	GlobalSection(SolutionConfigurationPlatforms) = preSolution
		Debug|x64 = Debug|x64
		Release|x64 = Release|x64
		MinSizeRel|x64 = MinSizeRel|x64
		RelWithDebInfo|x64 = RelWithDebInfo|x64
	EndGlobalSection
	GlobalSection(ProjectConfigurationPlatforms) = postSolution
		{7953CFD6-445E-3F15-A0C7-44B0C0DE7D60}.Debug|x64.ActiveCfg = Debug|x64
		{7953CFD6-445E-3F15-A0C7-44B0C0DE7D60}.Release|x64.ActiveCfg = Release|x64
		{7953CFD6-445E-3F15-A0C7-44B0C0DE7D60}.MinSizeRel|x64.ActiveCfg = MinSizeRel|x64
		{7953CFD6-445E-3F15-A0C7-44B0C0DE7D60}.RelWithDebInfo|x64.ActiveCfg = RelWithDebInfo|x64
		{F93988C8-5854-3E6D-B6E1-8858238E46BE}.Debug|x64.ActiveCfg = Debug|x64
		{F93988C8-5854-3E6D-B6E1-8858238E46BE}.Debug|x64.Build.0 = Debug|x64
		{F93988C8-5854-3E6D-B6E1-8858238E46BE}.Release|x64.ActiveCfg = Release|x64
		{F93988C8-5854-3E6D-B6E1-8858238E46BE}.Release|x64.Build.0 = Release|x64
		{F93988C8-5854-3E6D-B6E1-8858238E46BE}.MinSizeRel|x64.ActiveCfg = MinSizeRel|x64
		{F93988C8-5854-3E6D-B6E1-8858238E46BE}.MinSizeRel|x64.Build.0 = MinSizeRel|x64
		{F93988C8-5854-3E6D-B6E1-8858238E46BE}.RelWithDebInfo|x64.ActiveCfg = RelWithDebInfo|x64
		{F93988C8-5854-3E6D-B6E1-8858238E46BE}.RelWithDebInfo|x64.Build.0 = RelWithDebInfo|x64
		{505351E1-60DC-3526-808A-C7BDEE1E1104}.Debug|x64.ActiveCfg = Debug|x64
		{505351E1-60DC-3526-808A-C7BDEE1E1104}.Debug|x64.Build.0 = Debug|x64
		{505351E1-60DC-3526-808A-C7BDEE1E1104}.Release|x64.ActiveCfg = Release|x64
		{505351E1-60DC-3526-808A-C7BDEE1E1104}.Release|x64.Build.0 = Release|x64
		{505351E1-60DC-3526-808A-C7BDEE1E1104}.MinSizeRel|x64.ActiveCfg = MinSizeRel|x64
		{505351E1-60DC-3526-808A-C7BDEE1E1104}.MinSizeRel|x64.Build.0 = MinSizeRel|x64
		{505351E1-60DC-3526-808A-C7BDEE1E1104}.RelWithDebInfo|x64.ActiveCfg = RelWithDebInfo|x64
		{505351E1-60DC-3526-808A-C7BDEE1E1104}.RelWithDebInfo|x64.Build.0 = RelWithDebInfo|x64
		{86EC66D8-0AE5-324D-BC66-93EDF071D592}.Debug|x64.ActiveCfg = Debug|x64
		{86EC66D8-0AE5-324D-BC66-93EDF071D592}.Debug|x64.Build.0 = Debug|x64
		{86EC66D8-0AE5-324D-BC66-93EDF071D592}.Release|x64.ActiveCfg = Release|x64
		{86EC66D8-0AE5-324D-BC66-93EDF071D592}.Release|x64.Build.0 = Release|x64
		{86EC66D8-0AE5-324D-BC66-93EDF071D592}.MinSizeRel|x64.ActiveCfg = MinSizeRel|x64
		{86EC66D8-0AE5-324D-BC66-93EDF071D592}.MinSizeRel|x64.Build.0 = MinSizeRel|x64
		{86EC66D8-0AE5-324D-BC66-93EDF071D592}.RelWithDebInfo|x64.ActiveCfg = RelWithDebInfo|x64
		{86EC66D8-0AE5-324D-BC66-93EDF071D592}.RelWithDebInfo|x64.Build.0 = RelWithDebInfo|x64
	EndGlobalSection
	GlobalSection(ExtensibilityGlobals) = postSolution
		SolutionGuid = {1C886FC5-9BD6-3FCA-8719-AE0855BA6300}
	EndGlobalSection
	GlobalSection(ExtensibilityAddIns) = postSolution
	EndGlobalSection
EndGlobal
